
Microsoft Visual Studio Solution File, Format Version 12.00
# Visual Studio Version 17
VisualStudioVersion = 17.3.32825.248
MinimumVisualStudioVersion = 10.0.40219.1
Project("{8BC9CEB8-8B4A-11D0-8D11-00A0C91BC942}") = "SrtParser_v3", "SrtParser_v3.vcxproj", "{5A00609B-E66F-4602-A64A-DE5DB3FA8C05}"
EndProject
Global
	GlobalSection(SolutionConfigurationPlatforms) = preSolution
		Debug|x64 = Debug|x64
		Debug|x86 = Debug|x86
		Release|x64 = Release|x64
		Release|x86 = Release|x86
	EndGlobalSection
	GlobalSection(ProjectConfigurationPlatforms) = postSolution
		{5A00609B-E66F-4602-A64A-DE5DB3FA8C05}.Debug|x64.ActiveCfg = Debug|x64
		{5A00609B-E66F-4602-A64A-DE5DB3FA8C05}.Debug|x64.Build.0 = Debug|x64
		{5A00609B-E66F-4602-A64A-DE5DB3FA8C05}.Debug|x86.ActiveCfg = Debug|Win32
		{5A00609B-E66F-4602-A64A-DE5DB3FA8C05}.Debug|x86.Build.0 = Debug|Win32
		{5A00609B-E66F-4602-A64A-DE5DB3FA8C05}.Release|x64.ActiveCfg = Release|x64
		{5A00609B-E66F-4602-A64A-DE5DB3FA8C05}.Release|x64.Build.0 = Release|x64
		{5A00609B-E66F-4602-A64A-DE5DB3FA8C05}.Release|x86.ActiveCfg = Release|Win32
		{5A00609B-E66F-4602-A64A-DE5DB3FA8C05}.Release|x86.Build.0 = Release|Win32
	EndGlobalSection
	GlobalSection(SolutionProperties) = preSolution
		HideSolutionNode = FALSE
	EndGlobalSection
	GlobalSection(ExtensibilityGlobals) = postSolution
		SolutionGuid = {02B3017E-A179-4A9A-A936-6297E5943FA7}
	EndGlobalSection
EndGlobal
